
Microsoft Visual Studio Solution File, Format Version 11.00
# Visual C++ Express 2010
Project("{8BC9CEB8-8B4A-11D0-8D11-00A0C91BC942}") = "PDD_VCPP", "PDD_VCPP\PDD_VCPP.vcxproj", "{A27EC0AA-3B4F-4965-95E6-723A9C172AA4}"
EndProject
Global
	GlobalSection(SolutionConfigurationPlatforms) = preSolution
		Debug|Win32 = Debug|Win32
		Release|Win32 = Release|Win32
	EndGlobalSection
	GlobalSection(ProjectConfigurationPlatforms) = postSolution
		{A27EC0AA-3B4F-4965-95E6-723A9C172AA4}.Debug|Win32.ActiveCfg = Debug|Win32
		{A27EC0AA-3B4F-4965-95E6-723A9C172AA4}.Debug|Win32.Build.0 = Debug|Win32
		{A27EC0AA-3B4F-4965-95E6-723A9C172AA4}.Release|Win32.ActiveCfg = Release|Win32
		{A27EC0AA-3B4F-4965-95E6-723A9C172AA4}.Release|Win32.Build.0 = Release|Win32
	EndGlobalSection
	GlobalSection(SolutionProperties) = preSolution
		HideSolutionNode = FALSE
	EndGlobalSection
EndGlobal
